# THIS IS AN AUTOGENERATED FILE. DO NOT EDIT THIS FILE DIRECTLY.
# yarn lockfile v1


"@types/node@*":
  version "14.14.16"
  resolved "https://registry.yarnpkg.com/@types/node/-/node-14.14.16.tgz#3cc351f8d48101deadfed4c9e4f116048d437b4b"
  integrity sha512-naXYePhweTi+BMv11TgioE2/FXU4fSl29HAH1ffxVciNsH3rYXjNP2yM8wqmSm7jS20gM8TIklKiTen+1iVncw==

"@vercel/node@^1.8.5":
  version "1.8.5"
  resolved "https://registry.yarnpkg.com/@vercel/node/-/node-1.8.5.tgz#2c8b9532f1bb25734a9964c52973386ed78022d4"
  integrity sha512-1iw7FSR8Oau6vZB1MWfBnA5q2a/IqRHiSZSbt8lz0dyTF599q8pc5GcSv/TvmrYaEGzh3+N0S4cbmuMCqVlwJg==
  dependencies:
    "@types/node" "*"
    ts-node "8.9.1"
    typescript "3.9.3"

arg@^4.1.0:
  version "4.1.3"
  resolved "https://registry.yarnpkg.com/arg/-/arg-4.1.3.tgz#269fc7ad5b8e42cb63c896d5666017261c144089"
  integrity sha512-58S9QDqG0Xx27YwPSt9fJxivjYl432YCwfDMfZ+71RAqUrZef7LrKQZ3LHLOwCS4FLNBplP533Zx895SeOCHvA==

axios@^0.21.1:
  version "0.21.1"
  resolved "https://registry.yarnpkg.com/axios/-/axios-0.21.1.tgz#22563481962f4d6bde9a76d516ef0e5d3c09b2b8"
  integrity sha512-dKQiRHxGD9PPRIUNIWvZhPTPpl1rf/OxTYKsqKUDjBwYylTvV7SjSHJb9ratfyzM6wCdLCOYLzs73qpg5c4iGA==
  dependencies:
    follow-redirects "^1.10.0"

boolbase@^1.0.0:
  version "1.0.0"
  resolved "https://registry.yarnpkg.com/boolbase/-/boolbase-1.0.0.tgz#68dff5fbe60c51eb37725ea9e3ed310dcc1e776e"
  integrity sha1-aN/1++YMUes3cl6p4+0xDcwed24=

buffer-from@^1.0.0:
  version "1.1.1"
  resolved "https://registry.yarnpkg.com/buffer-from/-/buffer-from-1.1.1.tgz#32713bc028f75c02fdb710d7c7bcec1f2c6070ef"
  integrity sha512-MQcXEUbCKtEo7bhqEs6560Hyd4XaovZlO/k9V3hjVUF/zwW7KBVdSK4gIt/bzwS9MbR5qob+F5jusZsb0YQK2A==

cheerio-select-tmp@^0.1.0:
  version "0.1.1"
  resolved "https://registry.yarnpkg.com/cheerio-select-tmp/-/cheerio-select-tmp-0.1.1.tgz#55bbef02a4771710195ad736d5e346763ca4e646"
  integrity sha512-YYs5JvbpU19VYJyj+F7oYrIE2BOll1/hRU7rEy/5+v9BzkSo3bK81iAeeQEMI92vRIxz677m72UmJUiVwwgjfQ==
  dependencies:
    css-select "^3.1.2"
    css-what "^4.0.0"
    domelementtype "^2.1.0"
    domhandler "^4.0.0"
    domutils "^2.4.4"

cheerio@^1.0.0-rc.5:
  version "1.0.0-rc.5"
  resolved "https://registry.yarnpkg.com/cheerio/-/cheerio-1.0.0-rc.5.tgz#88907e1828674e8f9fee375188b27dadd4f0fa2f"
  integrity sha512-yoqps/VCaZgN4pfXtenwHROTp8NG6/Hlt4Jpz2FEP0ZJQ+ZUkVDd0hAPDNKhj3nakpfPt/CNs57yEtxD1bXQiw==
  dependencies:
    cheerio-select-tmp "^0.1.0"
    dom-serializer "~1.2.0"
    domhandler "^4.0.0"
    entities "~2.1.0"
    htmlparser2 "^6.0.0"
    parse5 "^6.0.0"
    parse5-htmlparser2-tree-adapter "^6.0.0"

css-select@^3.1.2:
  version "3.1.2"
  resolved "https://registry.yarnpkg.com/css-select/-/css-select-3.1.2.tgz#d52cbdc6fee379fba97fb0d3925abbd18af2d9d8"
  integrity sha512-qmss1EihSuBNWNNhHjxzxSfJoFBM/lERB/Q4EnsJQQC62R2evJDW481091oAdOr9uh46/0n4nrg0It5cAnj1RA==
  dependencies:
    boolbase "^1.0.0"
    css-what "^4.0.0"
    domhandler "^4.0.0"
    domutils "^2.4.3"
    nth-check "^2.0.0"

css-what@^4.0.0:
  version "4.0.0"
  resolved "https://registry.yarnpkg.com/css-what/-/css-what-4.0.0.tgz#35e73761cab2eeb3d3661126b23d7aa0e8432233"
  integrity sha512-teijzG7kwYfNVsUh2H/YN62xW3KK9YhXEgSlbxMlcyjPNvdKJqFx5lrwlJgoFP1ZHlB89iGDlo/JyshKeRhv5A==

diff@^4.0.1:
  version "4.0.2"
  resolved "https://registry.yarnpkg.com/diff/-/diff-4.0.2.tgz#60f3aecb89d5fae520c11aa19efc2bb982aade7d"
  integrity sha512-58lmxKSA4BNyLz+HHMUzlOEpg09FV+ev6ZMe3vJihgdxzgcwZ8VoEEPmALCZG9LmqfVoNMMKpttIYTVG6uDY7A==

dom-serializer@^1.0.1, dom-serializer@~1.2.0:
  version "1.2.0"
  resolved "https://registry.yarnpkg.com/dom-serializer/-/dom-serializer-1.2.0.tgz#3433d9136aeb3c627981daa385fc7f32d27c48f1"
  integrity sha512-n6kZFH/KlCrqs/1GHMOd5i2fd/beQHuehKdWvNNffbGHTr/almdhuVvTVFb3V7fglz+nC50fFusu3lY33h12pA==
  dependencies:
    domelementtype "^2.0.1"
    domhandler "^4.0.0"
    entities "^2.0.0"

domelementtype@^2.0.1, domelementtype@^2.1.0:
  version "2.1.0"
  resolved "https://registry.yarnpkg.com/domelementtype/-/domelementtype-2.1.0.tgz#a851c080a6d1c3d94344aed151d99f669edf585e"
  integrity sha512-LsTgx/L5VpD+Q8lmsXSHW2WpA+eBlZ9HPf3erD1IoPF00/3JKHZ3BknUVA2QGDNu69ZNmyFmCWBSO45XjYKC5w==

domhandler@^4.0.0:
  version "4.0.0"
  resolved "https://registry.yarnpkg.com/domhandler/-/domhandler-4.0.0.tgz#01ea7821de996d85f69029e81fa873c21833098e"
  integrity sha512-KPTbnGQ1JeEMQyO1iYXoagsI6so/C96HZiFyByU3T6iAzpXn8EGEvct6unm1ZGoed8ByO2oirxgwxBmqKF9haA==
  dependencies:
    domelementtype "^2.1.0"

domutils@^2.4.3, domutils@^2.4.4:
  version "2.4.4"
  resolved "https://registry.yarnpkg.com/domutils/-/domutils-2.4.4.tgz#282739c4b150d022d34699797369aad8d19bbbd3"
  integrity sha512-jBC0vOsECI4OMdD0GC9mGn7NXPLb+Qt6KW1YDQzeQYRUFKmNG8lh7mO5HiELfr+lLQE7loDVI4QcAxV80HS+RA==
  dependencies:
    dom-serializer "^1.0.1"
    domelementtype "^2.0.1"
    domhandler "^4.0.0"

entities@^2.0.0, entities@~2.1.0:
  version "2.1.0"
  resolved "https://registry.yarnpkg.com/entities/-/entities-2.1.0.tgz#992d3129cf7df6870b96c57858c249a120f8b8b5"
  integrity sha512-hCx1oky9PFrJ611mf0ifBLBRW8lUUVRlFolb5gWRfIELabBlbp9xZvrqZLZAs+NxFnbfQoeGd8wDkygjg7U85w==

follow-redirects@^1.10.0:
  version "1.13.1"
  resolved "https://registry.yarnpkg.com/follow-redirects/-/follow-redirects-1.13.1.tgz#5f69b813376cee4fd0474a3aba835df04ab763b7"
  integrity sha512-SSG5xmZh1mkPGyKzjZP8zLjltIfpW32Y5QpdNJyjcfGxK3qo3NDDkZOZSFiGn1A6SclQxY9GzEwAHQ3dmYRWpg==

htmlparser2@^6.0.0:
  version "6.0.0"
  resolved "https://registry.yarnpkg.com/htmlparser2/-/htmlparser2-6.0.0.tgz#c2da005030390908ca4c91e5629e418e0665ac01"
  integrity sha512-numTQtDZMoh78zJpaNdJ9MXb2cv5G3jwUoe3dMQODubZvLoGvTE/Ofp6sHvH8OGKcN/8A47pGLi/k58xHP/Tfw==
  dependencies:
    domelementtype "^2.0.1"
    domhandler "^4.0.0"
    domutils "^2.4.4"
    entities "^2.0.0"

make-error@^1.1.1:
  version "1.3.6"
  resolved "https://registry.yarnpkg.com/make-error/-/make-error-1.3.6.tgz#2eb2e37ea9b67c4891f684a1394799af484cf7a2"
  integrity sha512-s8UhlNe7vPKomQhC1qFelMokr/Sc3AgNbso3n74mVPA5LTZwkB9NlXf4XPamLxJE8h0gh73rM94xvwRT2CVInw==

nth-check@^2.0.0:
  version "2.0.0"
  resolved "https://registry.yarnpkg.com/nth-check/-/nth-check-2.0.0.tgz#1bb4f6dac70072fc313e8c9cd1417b5074c0a125"
  integrity sha512-i4sc/Kj8htBrAiH1viZ0TgU8Y5XqCaV/FziYK6TBczxmeKm3AEFWqqF3195yKudrarqy7Zu80Ra5dobFjn9X/Q==
  dependencies:
    boolbase "^1.0.0"

parse5-htmlparser2-tree-adapter@^6.0.0:
  version "6.0.1"
  resolved "https://registry.yarnpkg.com/parse5-htmlparser2-tree-adapter/-/parse5-htmlparser2-tree-adapter-6.0.1.tgz#2cdf9ad823321140370d4dbf5d3e92c7c8ddc6e6"
  integrity sha512-qPuWvbLgvDGilKc5BoicRovlT4MtYT6JfJyBOMDsKoiT+GiuP5qyrPCnR9HcPECIJJmZh5jRndyNThnhhb/vlA==
  dependencies:
    parse5 "^6.0.1"

parse5@^6.0.0, parse5@^6.0.1:
  version "6.0.1"
  resolved "https://registry.yarnpkg.com/parse5/-/parse5-6.0.1.tgz#e1a1c085c569b3dc08321184f19a39cc27f7c30b"
  integrity sha512-Ofn/CTFzRGTTxwpNEs9PP93gXShHcTq255nzRYSKe8AkVpZY7e1fpmTfOyoIvjP5HG7Z2ZM7VS9PPhQGW2pOpw==

source-map-support@^0.5.17:
  version "0.5.19"
  resolved "https://registry.yarnpkg.com/source-map-support/-/source-map-support-0.5.19.tgz#a98b62f86dcaf4f67399648c085291ab9e8fed61"
  integrity sha512-Wonm7zOCIJzBGQdB+thsPar0kYuCIzYvxZwlBa87yi/Mdjv7Tip2cyVbLj5o0cFPN4EVkuTwb3GDDyUx2DGnGw==
  dependencies:
    buffer-from "^1.0.0"
    source-map "^0.6.0"

source-map@^0.6.0:
  version "0.6.1"
  resolved "https://registry.yarnpkg.com/source-map/-/source-map-0.6.1.tgz#74722af32e9614e9c287a8d0bbde48b5e2f1a263"
  integrity sha512-UjgapumWlbMhkBgzT7Ykc5YXUT46F0iKu8SGXq0bcwP5dz/h0Plj6enJqjz1Zbq2l5WaqYnrVbwWOWMyF3F47g==

ts-node@8.9.1:
  version "8.9.1"
  resolved "https://registry.yarnpkg.com/ts-node/-/ts-node-8.9.1.tgz#2f857f46c47e91dcd28a14e052482eb14cfd65a5"
  integrity sha512-yrq6ODsxEFTLz0R3BX2myf0WBCSQh9A+py8PBo1dCzWIOcvisbyH6akNKqDHMgXePF2kir5mm5JXJTH3OUJYOQ==
  dependencies:
    arg "^4.1.0"
    diff "^4.0.1"
    make-error "^1.1.1"
    source-map-support "^0.5.17"
    yn "3.1.1"

typescript@3.9.3:
  version "3.9.3"
  resolved "https://registry.yarnpkg.com/typescript/-/typescript-3.9.3.tgz#d3ac8883a97c26139e42df5e93eeece33d610b8a"
  integrity sha512-D/wqnB2xzNFIcoBG9FG8cXRDjiqSTbG2wd8DMZeQyJlP1vfTkIxH4GKveWaEBYySKIg+USu+E+EDIR47SqnaMQ==

yn@3.1.1:
  version "3.1.1"
  resolved "https://registry.yarnpkg.com/yn/-/yn-3.1.1.tgz#1e87401a09d767c1d5eab26a6e4c185182d2eb50"
  integrity sha512-Ux4ygGWsu2c7isFWe8Yu1YluJmqVhxqK2cLXNQA5AcC3QfbGNpM7fu0Y8b/z16pXLnFxZYvWhd3fhBY9DLmC6Q==
